{
  "name": "r",
  "version": "0.1.0",
  "lockfileVersion": 1,
  "requires": true,
  "dependencies": {
    "buttermilk": {
      "version": "2.0.0",
      "resolved": "https://registry.npmjs.org/buttermilk/-/buttermilk-2.0.0.tgz",
      "integrity": "sha512-wM3O1cSPHmARZ/Gtbd2zO0Z3LAVZll3DaTlgWNUaPHM0s/mH8cYwGuFeVPNVnAI3XwVhtMiNkNdTFoQ/c8OQ3g==",
      "requires": {
        "lite-url": "1.0.5"
      }
    },
    "lite-url": {
      "version": "1.0.5",
      "resolved": "https://registry.npmjs.org/lite-url/-/lite-url-1.0.5.tgz",
      "integrity": "sha1-Z+MTDcxOX0vsv3uDmlapnf4KBSY="
    }
  }
}
